lockfileVersion: '9.0'

settings:
  autoInstallPeers: true
  excludeLinksFromLockfile: false

overrides:
  '@mui/styled-engine': npm:@mui/styled-engine-sc

importers:

  .:
    dependencies:
      '@mui/material':
        specifier: ^5.11.5
        version: 5.15.14(@types/react@18.2.69)(react-dom@18.2.0(react@18.2.0))(react@18.2.0)(styled-components@6.1.8(react-dom@18.2.0(react@18.2.0))(react@18.2.0))
      '@mui/styled-engine-sc':
        specifier: ^5.11.11
        version: 5.14.12(@types/styled-components@5.1.26)(styled-components@6.1.8(react-dom@18.2.0(react@18.2.0))(react@18.2.0))
      react:
        specifier: ^18.2.0
        version: 18.2.0
      react-dom:
        specifier: ^18.2.0
        version: 18.2.0(react@18.2.0)
      react-hook-form:
        specifier: ^7.44.2
        version: 7.51.1(react@18.2.0)
      react-hook-form-mui:
        specifier: ^6.1.1
        version: 6.8.0(@mui/icons-material@5.15.14(@mui/material@5.15.14(@types/react@18.2.69)(react-dom@18.2.0(react@18.2.0))(react@18.2.0)(styled-components@6.1.8(react-dom@18.2.0(react@18.2.0))(react@18.2.0)))(@types/react@18.2.69)(react@18.2.0))(@mui/material@5.15.14(@types/react@18.2.69)(react-dom@18.2.0(react@18.2.0))(react@18.2.0)(styled-components@6.1.8(react-dom@18.2.0(react@18.2.0))(react@18.2.0)))(@mui/x-date-pickers@7.0.0(@mui/material@5.15.14(@types/react@18.2.69)(react-dom@18.2.0(react@18.2.0))(react@18.2.0)(styled-components@6.1.8(react-dom@18.2.0(react@18.2.0))(react@18.2.0)))(@types/react@18.2.69)(react-dom@18.2.0(react@18.2.0))(react@18.2.0)(styled-components@6.1.8(react-dom@18.2.0(react@18.2.0))(react@18.2.0)))(react-hook-form@7.51.1(react@18.2.0))(react@18.2.0)
    devDependencies:
      '@dwidge/buildy':
        specifier: ^0.1.8
        version: 0.1.8
      '@dwidge/react-lib':
        specifier: ^0.1.8
        version: 0.1.8(react-dom@18.2.0(react@18.2.0))(react@18.2.0)(styled-components@6.1.8(react-dom@18.2.0(react@18.2.0))(react@18.2.0))
      '@mui/icons-material':
        specifier: ^5.15.14
        version: 5.15.14(@mui/material@5.15.14(@types/react@18.2.69)(react-dom@18.2.0(react@18.2.0))(react@18.2.0)(styled-components@6.1.8(react-dom@18.2.0(react@18.2.0))(react@18.2.0)))(@types/react@18.2.69)(react@18.2.0)
      '@mui/x-date-pickers':
        specifier: ^7.0.0
        version: 7.0.0(@mui/material@5.15.14(@types/react@18.2.69)(react-dom@18.2.0(react@18.2.0))(react@18.2.0)(styled-components@6.1.8(react-dom@18.2.0(react@18.2.0))(react@18.2.0)))(@types/react@18.2.69)(react-dom@18.2.0(react@18.2.0))(react@18.2.0)(styled-components@6.1.8(react-dom@18.2.0(react@18.2.0))(react@18.2.0))
      '@types/react':
        specifier: ^18.2.0
        version: 18.2.69
      '@types/react-dom':
        specifier: ^18.2.0
        version: 18.2.22
      '@types/styled-components':
        specifier: ^5.1.26
        version: 5.1.26
      rimraf:
        specifier: ^5.0.5
        version: 5.0.5
      styled-components:
        specifier: ^6.1.8
        version: 6.1.8(react-dom@18.2.0(react@18.2.0))(react@18.2.0)
      typescript:
        specifier: ^5.4.3
        version: 5.4.3

packages:

  '@babel/runtime@7.24.1':
    resolution: {integrity: sha512-+BIznRzyqBf+2wCTxcKE3wDjfGeCoVE61KSHGpkzqrLi8qxqFwBeUFyId2cxkTmm55fzDGnm0+yCxaxygrLUnQ==}
    engines: {node: '>=6.9.0'}

  '@babel/runtime@7.25.7':
    resolution: {integrity: sha512-FjoyLe754PMiYsFaN5C94ttGiOmBNYTf6pLr4xXHAT5uctHb092PBszndLDR5XA/jghQvn4n7JMHl7dmTgbm9w==}
    engines: {node: '>=6.9.0'}

  '@dwidge/buildy@0.1.8':
    resolution: {integrity: sha512-F7YhL9d9ZFX5m0xuVCGlCWRoRSLZOjJu/b648QxPFn8gNbIziT51qcFffTdj1gDVoAxDjbu4fzLJHvnS3qyrkw==, tarball: https://npm.pkg.github.com/download/@dwidge/buildy/0.1.8/ec13aa6643d3b20ab3a43034766f3b46e7e2fd57}
    engines: {node: '>=20'}
    hasBin: true

  '@dwidge/react-lib@0.1.8':
    resolution: {integrity: sha512-bWvu1Nn5fitXeceYe5+mZSrMi38yKbNjP8D/+gw3ddRfkUzMuFJp0Yqxabhq31HsNCxkor5BzGzW04eUTPsX7g==, tarball: https://npm.pkg.github.com/download/@dwidge/react-lib/0.1.8/3929cbddabbfaa640da3f7c5004425b1c9ccd857}
    engines: {node: '>=20'}
    peerDependencies:
      react: ^18.2.0
      react-dom: ^18.2.0
      styled-components: ^5.3.9

  '@emotion/is-prop-valid@1.2.1':
    resolution: {integrity: sha512-61Mf7Ufx4aDxx1xlDeOm8aFFigGHE4z+0sKCa+IHCeZKiyP9RLD0Mmx7m8b9/Cf37f7NAvQOOJAbQQGVr5uERw==}

  '@emotion/memoize@0.8.1':
    resolution: {integrity: sha512-W2P2c/VRW1/1tLox0mVUalvnWXxavmv/Oum2aPsRcoDJuob75FC3Y8FbpfLwUegRcxINtGUMPq0tFCvYNTBXNA==}

  '@emotion/unitless@0.8.0':
    resolution: {integrity: sha512-VINS5vEYAscRl2ZUDiT3uMPlrFQupiKgHz5AA4bCH1miKBg4qtwkim1qPmJj/4WG6TreYMY111rEFsjupcOKHw==}

  '@esbuild/android-arm64@0.17.19':
    resolution: {integrity: sha512-KBMWvEZooR7+kzY0BtbTQn0OAYY7CsiydT63pVEaPtVYF0hXbUaOyZog37DKxK7NF3XacBJOpYT4adIJh+avxA==}
    engines: {node: '>=12'}
    cpu: [arm64]
    os: [android]

  '@esbuild/android-arm@0.17.19':
    resolution: {integrity: sha512-rIKddzqhmav7MSmoFCmDIb6e2W57geRsM94gV2l38fzhXMwq7hZoClug9USI2pFRGL06f4IOPHHpFNOkWieR8A==}
    engines: {node: '>=12'}
    cpu: [arm]
    os: [android]

  '@esbuild/android-x64@0.17.19':
    resolution: {integrity: sha512-uUTTc4xGNDT7YSArp/zbtmbhO0uEEK9/ETW29Wk1thYUJBz3IVnvgEiEwEa9IeLyvnpKrWK64Utw2bgUmDveww==}
    engines: {node: '>=12'}
    cpu: [x64]
    os: [android]

  '@esbuild/darwin-arm64@0.17.19':
    resolution: {integrity: sha512-80wEoCfF/hFKM6WE1FyBHc9SfUblloAWx6FJkFWTWiCoht9Mc0ARGEM47e67W9rI09YoUxJL68WHfDRYEAvOhg==}
    engines: {node: '>=12'}
    cpu: [arm64]
    os: [darwin]

  '@esbuild/darwin-x64@0.17.19':
    resolution: {integrity: sha512-IJM4JJsLhRYr9xdtLytPLSH9k/oxR3boaUIYiHkAawtwNOXKE8KoU8tMvryogdcT8AU+Bflmh81Xn6Q0vTZbQw==}
    engines: {node: '>=12'}
    cpu: [x64]
    os: [darwin]

  '@esbuild/freebsd-arm64@0.17.19':
    resolution: {integrity: sha512-pBwbc7DufluUeGdjSU5Si+P3SoMF5DQ/F/UmTSb8HXO80ZEAJmrykPyzo1IfNbAoaqw48YRpv8shwd1NoI0jcQ==}
    engines: {node: '>=12'}
    cpu: [arm64]
    os: [freebsd]

  '@esbuild/freebsd-x64@0.17.19':
    resolution: {integrity: sha512-4lu+n8Wk0XlajEhbEffdy2xy53dpR06SlzvhGByyg36qJw6Kpfk7cp45DR/62aPH9mtJRmIyrXAS5UWBrJT6TQ==}
    engines: {node: '>=12'}
    cpu: [x64]
    os: [freebsd]

  '@esbuild/linux-arm64@0.17.19':
    resolution: {integrity: sha512-ct1Tg3WGwd3P+oZYqic+YZF4snNl2bsnMKRkb3ozHmnM0dGWuxcPTTntAF6bOP0Sp4x0PjSF+4uHQ1xvxfRKqg==}
    engines: {node: '>=12'}
    cpu: [arm64]
    os: [linux]

  '@esbuild/linux-arm@0.17.19':
    resolution: {integrity: sha512-cdmT3KxjlOQ/gZ2cjfrQOtmhG4HJs6hhvm3mWSRDPtZ/lP5oe8FWceS10JaSJC13GBd4eH/haHnqf7hhGNLerA==}
    engines: {node: '>=12'}
    cpu: [arm]
    os: [linux]

  '@esbuild/linux-ia32@0.17.19':
    resolution: {integrity: sha512-w4IRhSy1VbsNxHRQpeGCHEmibqdTUx61Vc38APcsRbuVgK0OPEnQ0YD39Brymn96mOx48Y2laBQGqgZ0j9w6SQ==}
    engines: {node: '>=12'}
    cpu: [ia32]
    os: [linux]

  '@esbuild/linux-loong64@0.17.19':
    resolution: {integrity: sha512-2iAngUbBPMq439a+z//gE+9WBldoMp1s5GWsUSgqHLzLJ9WoZLZhpwWuym0u0u/4XmZ3gpHmzV84PonE+9IIdQ==}
    engines: {node: '>=12'}
    cpu: [loong64]
    os: [linux]

  '@esbuild/linux-mips64el@0.17.19':
    resolution: {integrity: sha512-LKJltc4LVdMKHsrFe4MGNPp0hqDFA1Wpt3jE1gEyM3nKUvOiO//9PheZZHfYRfYl6AwdTH4aTcXSqBerX0ml4A==}
    engines: {node: '>=12'}
    cpu: [mips64el]
    os: [linux]

  '@esbuild/linux-ppc64@0.17.19':
    resolution: {integrity: sha512-/c/DGybs95WXNS8y3Ti/ytqETiW7EU44MEKuCAcpPto3YjQbyK3IQVKfF6nbghD7EcLUGl0NbiL5Rt5DMhn5tg==}
    engines: {node: '>=12'}
    cpu: [ppc64]
    os: [linux]

  '@esbuild/linux-riscv64@0.17.19':
    resolution: {integrity: sha512-FC3nUAWhvFoutlhAkgHf8f5HwFWUL6bYdvLc/TTuxKlvLi3+pPzdZiFKSWz/PF30TB1K19SuCxDTI5KcqASJqA==}
    engines: {node: '>=12'}
    cpu: [riscv64]
    os: [linux]

  '@esbuild/linux-s390x@0.17.19':
    resolution: {integrity: sha512-IbFsFbxMWLuKEbH+7sTkKzL6NJmG2vRyy6K7JJo55w+8xDk7RElYn6xvXtDW8HCfoKBFK69f3pgBJSUSQPr+4Q==}
    engines: {node: '>=12'}
    cpu: [s390x]
    os: [linux]

  '@esbuild/linux-x64@0.17.19':
    resolution: {integrity: sha512-68ngA9lg2H6zkZcyp22tsVt38mlhWde8l3eJLWkyLrp4HwMUr3c1s/M2t7+kHIhvMjglIBrFpncX1SzMckomGw==}
    engines: {node: '>=12'}
    cpu: [x64]
    os: [linux]

  '@esbuild/netbsd-x64@0.17.19':
    resolution: {integrity: sha512-CwFq42rXCR8TYIjIfpXCbRX0rp1jo6cPIUPSaWwzbVI4aOfX96OXY8M6KNmtPcg7QjYeDmN+DD0Wp3LaBOLf4Q==}
    engines: {node: '>=12'}
    cpu: [x64]
    os: [netbsd]

  '@esbuild/openbsd-x64@0.17.19':
    resolution: {integrity: sha512-cnq5brJYrSZ2CF6c35eCmviIN3k3RczmHz8eYaVlNasVqsNY+JKohZU5MKmaOI+KkllCdzOKKdPs762VCPC20g==}
    engines: {node: '>=12'}
    cpu: [x64]
    os: [openbsd]

  '@esbuild/sunos-x64@0.17.19':
    resolution: {integrity: sha512-vCRT7yP3zX+bKWFeP/zdS6SqdWB8OIpaRq/mbXQxTGHnIxspRtigpkUcDMlSCOejlHowLqII7K2JKevwyRP2rg==}
    engines: {node: '>=12'}
    cpu: [x64]
    os: [sunos]

  '@esbuild/win32-arm64@0.17.19':
    resolution: {integrity: sha512-yYx+8jwowUstVdorcMdNlzklLYhPxjniHWFKgRqH7IFlUEa0Umu3KuYplf1HUZZ422e3NU9F4LGb+4O0Kdcaag==}
    engines: {node: '>=12'}
    cpu: [arm64]
    os: [win32]

  '@esbuild/win32-ia32@0.17.19':
    resolution: {integrity: sha512-eggDKanJszUtCdlVs0RB+h35wNlb5v4TWEkq4vZcmVt5u/HiDZrTXe2bWFQUez3RgNHwx/x4sk5++4NSSicKkw==}
    engines: {node: '>=12'}
    cpu: [ia32]
    os: [win32]

  '@esbuild/win32-x64@0.17.19':
    resolution: {integrity: sha512-lAhycmKnVOuRYNtRtatQR1LPQf2oYCkRGkSFnseDAKPl8lu5SOsK/e1sXe5a0Pc5kHIHe6P2I/ilntNv2xf3cA==}
    engines: {node: '>=12'}
    cpu: [x64]
    os: [win32]

  '@floating-ui/core@1.6.0':
    resolution: {integrity: sha512-PcF++MykgmTj3CIyOQbKA/hDzOAiqI3mhuoN44WRCopIs1sgoDoU4oty4Jtqaj/y3oDU6fnVSm4QG0a3t5i0+g==}

  '@floating-ui/dom@1.6.3':
    resolution: {integrity: sha512-RnDthu3mzPlQ31Ss/BTwQ1zjzIhr3lk1gZB1OC56h/1vEtaXkESrOqL5fQVMfXpwGtRwX+YsZBdyHtJMQnkArw==}

  '@floating-ui/react-dom@2.0.8':
    resolution: {integrity: sha512-HOdqOt3R3OGeTKidaLvJKcgg75S6tibQ3Tif4eyd91QnIJWr0NLvoXFpJA/j8HqkFSL68GDca9AuyWEHlhyClw==}
    peerDependencies:
      react: '>=16.8.0'
      react-dom: '>=16.8.0'

  '@floating-ui/utils@0.2.1':
    resolution: {integrity: sha512-9TANp6GPoMtYzQdt54kfAyMmz1+osLlXdg2ENroU7zzrtflTLrrC/lgrIfaSe+Wu0b89GKccT7vxXA0MoAIO+Q==}

  '@isaacs/cliui@8.0.2':
    resolution: {integrity: sha512-O8jcjabXaleOG9DQ0+ARXWZBTfnP4WNAqzuiJK7ll44AmxGKv/J2M4TPjxjY3znBCfvBXFzucm1twdyFybFqEA==}
    engines: {node: '>=12'}

  '@mui/base@5.0.0-beta.40':
    resolution: {integrity: sha512-I/lGHztkCzvwlXpjD2+SNmvNQvB4227xBXhISPjEaJUXGImOQ9f3D2Yj/T3KasSI/h0MLWy74X0J6clhPmsRbQ==}
    engines: {node: '>=12.0.0'}
    peerDependencies:
      '@types/react': ^17.0.0 || ^18.0.0
      react: ^17.0.0 || ^18.0.0
      react-dom: ^17.0.0 || ^18.0.0
    peerDependenciesMeta:
      '@types/react':
        optional: true

  '@mui/core-downloads-tracker@5.15.14':
    resolution: {integrity: sha512-on75VMd0XqZfaQW+9pGjSNiqW+ghc5E2ZSLRBXwcXl/C4YzjfyjrLPhrEpKnR9Uym9KXBvxrhoHfPcczYHweyA==}

  '@mui/icons-material@5.15.14':
    resolution: {integrity: sha512-vj/51k7MdFmt+XVw94sl30SCvGx6+wJLsNYjZRgxhS6y3UtnWnypMOsm3Kmg8TN+P0dqwsjy4/fX7B1HufJIhw==}
    engines: {node: '>=12.0.0'}
    peerDependencies:
      '@mui/material': ^5.0.0
      '@types/react': ^17.0.0 || ^18.0.0
      react: ^17.0.0 || ^18.0.0
    peerDependenciesMeta:
      '@types/react':
        optional: true

  '@mui/material@5.15.14':
    resolution: {integrity: sha512-kEbRw6fASdQ1SQ7LVdWR5OlWV3y7Y54ZxkLzd6LV5tmz+NpO3MJKZXSfgR0LHMP7meKsPiMm4AuzV0pXDpk/BQ==}
    engines: {node: '>=12.0.0'}
    peerDependencies:
      '@emotion/react': ^11.5.0
      '@emotion/styled': ^11.3.0
      '@types/react': ^17.0.0 || ^18.0.0
      react: ^17.0.0 || ^18.0.0
      react-dom: ^17.0.0 || ^18.0.0
    peerDependenciesMeta:
      '@emotion/react':
        optional: true
      '@emotion/styled':
        optional: true
      '@types/react':
        optional: true

  '@mui/private-theming@5.15.14':
    resolution: {integrity: sha512-UH0EiZckOWcxiXLX3Jbb0K7rC8mxTr9L9l6QhOZxYc4r8FHUkefltV9VDGLrzCaWh30SQiJvAEd7djX3XXY6Xw==}
    engines: {node: '>=12.0.0'}
    peerDependencies:
      '@types/react': ^17.0.0 || ^18.0.0
      react: ^17.0.0 || ^18.0.0
    peerDependenciesMeta:
      '@types/react':
        optional: true

  '@mui/styled-engine-sc@5.14.12':
    resolution: {integrity: sha512-FQ5KDd17OkRurE0ljR4Pddekv1uPSoJxcBqXa9tdoOETGULVCefM5Gd9CRGzT+alNPDyHBoUeEYKulIkDN9ytA==}
    engines: {node: '>=12.0.0'}
    peerDependencies:
      '@types/styled-components': ^5.1.14
      styled-components: ^5.3.1
    peerDependenciesMeta:
      '@types/styled-components':
        optional: true

  '@mui/styled-engine-sc@6.1.3':
    resolution: {integrity: sha512-Y+BZHQxygyKklawo9eMilthFALQpndcfDdEz0LpoZmkvVtWBD3kAPCyYeSAlqFRFQ++MdiQWlWY8O1R9ORuxJg==}
    engines: {node: '>=14.0.0'}
    peerDependencies:
      styled-components: ^6.0.0

  '@mui/system@5.15.14':
    resolution: {integrity: sha512-auXLXzUaCSSOLqJXmsAaq7P96VPRXg2Rrz6OHNV7lr+kB8lobUF+/N84Vd9C4G/wvCXYPs5TYuuGBRhcGbiBGg==}
    engines: {node: '>=12.0.0'}
    peerDependencies:
      '@emotion/react': ^11.5.0
      '@emotion/styled': ^11.3.0
      '@types/react': ^17.0.0 || ^18.0.0
      react: ^17.0.0 || ^18.0.0
    peerDependenciesMeta:
      '@emotion/react':
        optional: true
      '@emotion/styled':
        optional: true
      '@types/react':
        optional: true

  '@mui/types@7.2.14':
    resolution: {integrity: sha512-MZsBZ4q4HfzBsywtXgM1Ksj6HDThtiwmOKUXH1pKYISI9gAVXCNHNpo7TlGoGrBaYWZTdNoirIN7JsQcQUjmQQ==}
    peerDependencies:
      '@types/react': ^17.0.0 || ^18.0.0
    peerDependenciesMeta:
      '@types/react':
        optional: true

  '@mui/utils@5.15.14':
    resolution: {integrity: sha512-0lF/7Hh/ezDv5X7Pry6enMsbYyGKjADzvHyo3Qrc/SSlTsQ1VkbDMbH0m2t3OR5iIVLwMoxwM7yGd+6FCMtTFA==}
    engines: {node: '>=12.0.0'}
    peerDependencies:
      '@types/react': ^17.0.0 || ^18.0.0
      react: ^17.0.0 || ^18.0.0
    peerDependenciesMeta:
      '@types/react':
        optional: true

  '@mui/x-date-pickers@7.0.0':
    resolution: {integrity: sha512-/9mp4O2WMixHOso63DBoZVfJVYGrzOHF5voheV2tYQ4XqDdTKp2AdWS3oh8PGwrsvCzqkvb3quzTqhKoEsJUwA==}
    engines: {node: '>=14.0.0'}
    peerDependencies:
      '@emotion/react': ^11.9.0
      '@emotion/styled': ^11.8.1
      '@mui/material': ^5.15.14
      date-fns: ^2.25.0 || ^3.2.0
      date-fns-jalali: ^2.13.0-0
      dayjs: ^1.10.7
      luxon: ^3.0.2
      moment: ^2.29.4
      moment-hijri: ^2.1.2
      moment-jalaali: ^0.7.4 || ^0.8.0 || ^0.9.0 || ^0.10.0
      react: ^17.0.0 || ^18.0.0
      react-dom: ^17.0.0 || ^18.0.0
    peerDependenciesMeta:
      '@emotion/react':
        optional: true
      '@emotion/styled':
        optional: true
      date-fns:
        optional: true
      date-fns-jalali:
        optional: true
      dayjs:
        optional: true
      luxon:
        optional: true
      moment:
        optional: true
      moment-hijri:
        optional: true
      moment-jalaali:
        optional: true

  '@pkgjs/parseargs@0.11.0':
    resolution: {integrity: sha512-+1VkjdD0QBLPodGrJUeqarH8VAIvQODIbwh9XpP5Syisf7YoQgsJKPNFoqqLQlu+VQ/tVSshMR6loPMn8U+dPg==}
    engines: {node: '>=14'}

  '@popperjs/core@2.11.8':
    resolution: {integrity: sha512-P1st0aksCrn9sGZhp8GMYwBnQsbvAWsZAX44oXNNvLHGqAOcoVxmjZiohstwQ7SqKnbR47akdNi+uleWD8+g6A==}

  '@types/hoist-non-react-statics@3.3.1':
    resolution: {integrity: sha512-iMIqiko6ooLrTh1joXodJK5X9xeEALT1kM5G3ZLhD3hszxBdIEd5C75U834D9mLcINgD4OyZf5uQXjkuYydWvA==}

  '@types/prop-types@15.7.12':
    resolution: {integrity: sha512-5zvhXYtRNRluoE/jAp4GVsSduVUzNWKkOZrCDBWYtE7biZywwdC2AcEzg+cSMLFRfVgeAFqpfNabiPjxFddV1Q==}

  '@types/react-dom@18.2.22':
    resolution: {integrity: sha512-fHkBXPeNtfvri6gdsMYyW+dW7RXFo6Ad09nLFK0VQWR7yGLai/Cyvyj696gbwYvBnhGtevUG9cET0pmUbMtoPQ==}

  '@types/react-transition-group@4.4.10':
    resolution: {integrity: sha512-hT/+s0VQs2ojCX823m60m5f0sL5idt9SO6Tj6Dg+rdphGPIeJbJ6CxvBYkgkGKrYeDjvIpKTR38UzmtHJOGW3Q==}

  '@types/react@18.2.69':
    resolution: {integrity: sha512-W1HOMUWY/1Yyw0ba5TkCV+oqynRjG7BnteBB+B7JmAK7iw3l2SW+VGOxL+akPweix6jk2NNJtyJKpn4TkpfK3Q==}

  '@types/scheduler@0.16.3':
    resolution: {integrity: sha512-5cJ8CB4yAx7BH1oMvdU0Jh9lrEXyPkar6F9G/ERswkCuvP4KQZfZkSjcMbAICCpQTN4OuZn8tz0HiKv9TGZgrQ==}

  '@types/styled-components@5.1.26':
    resolution: {integrity: sha512-KuKJ9Z6xb93uJiIyxo/+ksS7yLjS1KzG6iv5i78dhVg/X3u5t1H7juRWqVmodIdz6wGVaIApo1u01kmFRdJHVw==}

  '@types/stylis@4.2.0':
    resolution: {integrity: sha512-n4sx2bqL0mW1tvDf/loQ+aMX7GQD3lc3fkCMC55VFNDu/vBOabO+LTIeXKM14xK0ppk5TUGcWRjiSpIlUpghKw==}

  ansi-regex@5.0.1:
    resolution: {integrity: sha512-quJQXlTSUGL2LH9SUXo8VwsY4soanhgo6LNSm84E1LBcE8s3O0wpdiRzyR9z/ZZJMlMWv37qOOb9pdJlMUEKFQ==}
    engines: {node: '>=8'}

  ansi-regex@6.0.1:
    resolution: {integrity: sha512-n5M855fKb2SsfMIiFFoVrABHJC8QtHwVx+mHWP3QcEqBHYienj5dHSgjbxtC0WEZXYt4wcD6zrQElDPhFuZgfA==}
    engines: {node: '>=12'}

  ansi-styles@4.3.0:
    resolution: {integrity: sha512-zbB9rCJAT1rbjiVDb2hqKFHNYLxgtk8NURxZ3IZwD3F6NtxbXZQCnnSi1Lkx+IDohdPlFp222wVALIheZJQSEg==}
    engines: {node: '>=8'}

  ansi-styles@6.2.1:
    resolution: {integrity: sha512-bN798gFfQX+viw3R7yrGWRqnrN2oRkEkUjjl4JNn4E8GxxbjtG3FbrEIIY3l8/hrwUwIeCZvi4QuOTP4MErVug==}
    engines: {node: '>=12'}

  async@2.6.4:
    resolution: {integrity: sha512-mzo5dfJYwAn29PeiJ0zvwTo04zj8HDJj0Mn8TD7sno7q12prdbnasKJHhkm2c1LgrhlJ0teaea8860oxi51mGA==}

  balanced-match@1.0.2:
    resolution: {integrity: sha512-3oSeUO0TMV67hN1AmbXsK4yaqU7tjiHlbxRDZOpH0KW9+CeX4bRAaX0Anxt0tx2MrpRpWwQaPwIlISEJhYU5Pw==}

  brace-expansion@2.0.1:
    resolution: {integrity: sha512-XnAIvQ8eM+kC6aULx6wuQiwVsnzsi9d3WxzV3FpWTGA19F621kwdbsAcFKXgKUHZWsy+mY6iL1sHTxWEFCytDA==}

  camelize@1.0.1:
    resolution: {integrity: sha512-dU+Tx2fsypxTgtLoE36npi3UqcjSSMNYfkqgmoEhtZrraP5VWq0K7FkWVTYa8eMPtnU/G2txVsfdCJTn9uzpuQ==}

  clsx@2.1.0:
    resolution: {integrity: sha512-m3iNNWpd9rl3jvvcBnu70ylMdrXt8Vlq4HYadnU5fwcOtvkSQWPmj7amUcDT2qYI7risszBjI5AUIUox9D16pg==}
    engines: {node: '>=6'}

  color-convert@2.0.1:
    resolution: {integrity: sha512-RRECPsj7iu/xb5oKYcsFHSppFNnsj/52OVTRKb4zP5onXwVF3zVmmToNcOfGC+CRDpfK/U584fMg38ZHCaElKQ==}
    engines: {node: '>=7.0.0'}

  color-name@1.1.4:
    resolution: {integrity: sha512-dOy+3AuW3a2wNbZHIuMZpTcgjGuLU/uBL/ubcZF9OXbDo8ff4O8yVp5Bf0efS8uEoYo5q4Fx7dY9OgQGXgAsQA==}

  cross-spawn@7.0.3:
    resolution: {integrity: sha512-iRDPJKUPVEND7dHPO8rkbOnPpyDygcDFtWjpeWNCgy8WP2rXcxXL8TskReQl6OrB2G7+UJrags1q15Fudc7G6w==}
    engines: {node: '>= 8'}

  css-color-keywords@1.0.0:
    resolution: {integrity: sha512-FyyrDHZKEjXDpNJYvVsV960FiqQyXc/LlYmsxl2BcdMb2WPx0OGRVgTg55rPSyLSNMqP52R9r8geSp7apN3Ofg==}
    engines: {node: '>=4'}

  css-to-react-native@3.2.0:
    resolution: {integrity: sha512-e8RKaLXMOFii+02mOlqwjbD00KSEKqblnpO9e++1aXS1fPQOpS1YoqdVHBqPjHNoxeF2mimzVqawm2KCbEdtHQ==}

  csstype@3.1.2:
    resolution: {integrity: sha512-I7K1Uu0MBPzaFKg4nI5Q7Vs2t+3gWWW648spaF+Rg7pI9ds18Ugn+lvg4SHczUdKlHI5LWBXyqfS8+DufyBsgQ==}

  csstype@3.1.3:
    resolution: {integrity: sha512-M1uQkMl8rQK/szD0LNhtqxIPLpimGm8sOBwU7lLnCpSbTyY3yeU1Vc7l4KT5zT4s/yOxHH5O7tIuuLOCnLADRw==}

  debug@3.2.7:
    resolution: {integrity: sha512-CFjzYYAi4ThfiQvizrFQevTTXHtnCqWfe7x1AhgEscTz6ZbLbfoLRLPugTQyBth6f8ZERVUSyWHFD/7Wu4t1XQ==}
    peerDependencies:
      supports-color: '*'
    peerDependenciesMeta:
      supports-color:
        optional: true

  dom-helpers@5.2.1:
    resolution: {integrity: sha512-nRCa7CK3VTrM2NmGkIy4cbK7IZlgBE/PYMn55rrXefr5xXDP0LdtfPnblFDoVdcAfslJ7or6iqAUnx0CCGIWQA==}

  eastasianwidth@0.2.0:
    resolution: {integrity: sha512-I88TYZWc9XiYHRQ4/3c5rjjfgkjhLyW2luGIheGERbNQ6OY7yTybanSpDXZa8y7VUP9YmDcYa+eyq4ca7iLqWA==}

  emoji-regex@8.0.0:
    resolution: {integrity: sha512-MSjYzcWNOA0ewAHpz0MxpYFvwg6yjy1NG3xteoqz644VCo/RPgnr1/GGt+ic3iJTzQ8Eu3TdM14SawnVUmGE6A==}

  emoji-regex@9.2.2:
    resolution: {integrity: sha512-L18DaJsXSUk2+42pv8mLs5jJT2hqFkFE4j21wOmgbUqsZ2hL72NsUU785g9RXgo3s0ZNgVl42TiHp3ZtOv/Vyg==}

  esbuild@0.17.19:
    resolution: {integrity: sha512-XQ0jAPFkK/u3LcVRcvVHQcTIqD6E2H1fvZMA5dQPSOWb3suUbWbfbRf94pjc0bNzRYLfIrDRQXr7X+LHIm5oHw==}
    engines: {node: '>=12'}
    hasBin: true

  foreground-child@3.1.1:
    resolution: {integrity: sha512-TMKDUnIte6bfb5nWv7V/caI169OHgvwjb7V4WkeUvbQQdjr5rWKqHFiKWb/fcOwB+CzBT+qbWjvj+DVwRskpIg==}
    engines: {node: '>=14'}

  glob@10.3.10:
    resolution: {integrity: sha512-fa46+tv1Ak0UPK1TOy/pZrIybNNt4HCv7SDzwyfiOZkvZLEbjsZkJBPtDHVshZjbecAoAGSC20MjLDG/qr679g==}
    engines: {node: '>=16 || 14 >=14.17'}
    hasBin: true

  hoist-non-react-statics@3.3.2:
    resolution: {integrity: sha512-/gGivxi8JPKWNm/W0jSmzcMPpfpPLc3dY/6GxhX2hQ9iGj3aDfklV4ET7NjKpSinLpJ5vafa9iiGIEZg10SfBw==}

  is-fullwidth-code-point@3.0.0:
    resolution: {integrity: sha512-zymm5+u+sCsSWyD9qNaejV3DFvhCKclKdizYaJUuHA83RLjb7nSuGnddCHGv0hk+KY7BMAlsWeK4Ueg6EV6XQg==}
    engines: {node: '>=8'}

  isexe@2.0.0:
    resolution: {integrity: sha512-RHxMLp9lnKHGHRng9QFhRCMbYAcVpn69smSGcq3f36xjgVVWThj4qqLbTLlq7Ssj8B+fIQ1EuCEGI2lKsyQeIw==}

  jackspeak@2.3.6:
    resolution: {integrity: sha512-N3yCS/NegsOBokc8GAdM8UcmfsKiSS8cipheD/nivzr700H+nsMOxJjQnvwOcRYVuFkdH0wGUvW2WbXGmrZGbQ==}
    engines: {node: '>=14'}

  js-tokens@4.0.0:
    resolution: {integrity: sha512-RdJUflcE3cUzKiMqQgsCu06FPu9UdIJO0beYbPhHN4k6apgJtifcoCtT9bcxOpYBtpD2kCM6Sbzg4CausW/PKQ==}

  lodash@4.17.21:
    resolution: {integrity: sha512-v2kDEe57lecTulaDIuNTPy3Ry4gLGJ6Z1O3vE1krgXZNrsQ+LFTGHVxVjcXPs17LhbZVGedAJv8XZ1tvj5FvSg==}

  loose-envify@1.4.0:
    resolution: {integrity: sha512-lyuxPGr/Wfhrlem2CL/UcnUc1zcqKAImBDzukY7Y5F/yQiNdko6+fRLevlw1HgMySw7f611UIY408EtxRSoK3Q==}
    hasBin: true

  lru-cache@10.2.0:
    resolution: {integrity: sha512-2bIM8x+VAf6JT4bKAljS1qUWgMsqZRPGJS6FSahIMPVvctcNhyVp7AJu7quxOW9jwkryBReKZY5tY5JYv2n/7Q==}
    engines: {node: 14 || >=16.14}

  minimatch@9.0.3:
    resolution: {integrity: sha512-RHiac9mvaRw0x3AYRgDC1CxAP7HTcNrrECeA8YYJeWnpo+2Q5CegtZjaotWTWxDG3UeGA1coE05iH1mPjT/2mg==}
    engines: {node: '>=16 || 14 >=14.17'}

  minimist@1.2.8:
    resolution: {integrity: sha512-2yyAR8qBkN3YuheJanUpWC5U3bb5osDywNB8RzDVlDwDHbocAJveqqj1u8+SVD7jkWT4yvsHCpWqqWqAxb0zCA==}

  minipass@7.0.4:
    resolution: {integrity: sha512-jYofLM5Dam9279rdkWzqHozUo4ybjdZmCsDHePy5V/PbBcVMiSZR97gmAy45aqi8CK1lG2ECd356FU86avfwUQ==}
    engines: {node: '>=16 || 14 >=14.17'}

  mkdirp@0.5.6:
    resolution: {integrity: sha512-FP+p8RB8OWpF3YZBCrP5gtADmtXApB5AMLn+vdyA+PyxCjrCs00mjyUozssO33cwDeT3wNGdLxJ5M//YqtHAJw==}
    hasBin: true

  ms@2.1.3:
    resolution: {integrity: sha512-6FlzubTLZG3J2a/NVCAleEhjzq5oxgHyaCU9yYXvcLsvoVaHJq/s5xXI6/XXP6tz7R9xAOtHnSO/tXtF3WRTlA==}

  nanoid@3.3.7:
    resolution: {integrity: sha512-eSRppjcPIatRIMC1U6UngP8XFcz8MQWGQdt1MTBQ7NaAmvXDfvNxbvWV3x2y6CdEUciCSsDHDQZbhYaB8QEo2g==}
    engines: {node: ^10 || ^12 || ^13.7 || ^14 || >=15.0.1}
    hasBin: true

  object-assign@4.1.1:
    resolution: {integrity: sha512-rJgTQnkUnH1sFw8yT6VSU3zD3sWmu6sZhIseY8VX+GRu3P6F7Fu+JNDoXfklElbLJSnc3FUQHVe4cU5hj+BcUg==}
    engines: {node: '>=0.10.0'}

  opener@1.5.2:
    resolution: {integrity: sha512-ur5UIdyw5Y7yEj9wLzhqXiy6GZ3Mwx0yGI+5sMn2r0N0v3cKJvUmFH5yPP+WXh9e0xfyzyJX95D8l088DNFj7A==}
    hasBin: true

  path-key@3.1.1:
    resolution: {integrity: sha512-ojmeN0qd+y0jszEtoY48r0Peq5dwMEkIlCOu6Q5f41lfkswXuKtYrhgoTpLnyIcHm24Uhqx+5Tqm2InSwLhE6Q==}
    engines: {node: '>=8'}

  path-scurry@1.10.1:
    resolution: {integrity: sha512-MkhCqzzBEpPvxxQ71Md0b1Kk51W01lrYvlMzSUaIzNsODdd7mqhiimSZlr+VegAz5Z6Vzt9Xg2ttE//XBhH3EQ==}
    engines: {node: '>=16 || 14 >=14.17'}

  picocolors@1.0.0:
    resolution: {integrity: sha512-1fygroTLlHu66zi26VoTDv8yRgm0Fccecssto+MhsZ0D/DGW2sm8E8AjW7NU5VVTRt5GxbeZ5qBuJr+HyLYkjQ==}

  portfinder@1.0.32:
    resolution: {integrity: sha512-on2ZJVVDXRADWE6jnQaX0ioEylzgBpQk8r55NE4wjXW1ZxO+BgDlY6DXwj20i0V8eB4SenDQ00WEaxfiIQPcxg==}
    engines: {node: '>= 0.12.0'}

  postcss-value-parser@4.2.0:
    resolution: {integrity: sha512-1NNCs6uurfkVbeXG4S8JFT9t19m45ICnif8zWLd5oPSZ50QnwMfK+H3jv408d4jw/7Bttv5axS5IiHoLaVNHeQ==}

  postcss@8.4.31:
    resolution: {integrity: sha512-PS08Iboia9mts/2ygV3eLpY5ghnUcfLV/EXTOW1E2qYxJKGGBUtNjN76FYHnMs36RmARn41bC0AZmn+rR0OVpQ==}
    engines: {node: ^10 || ^12 || >=14}

  prop-types@15.8.1:
    resolution: {integrity: sha512-oj87CgZICdulUohogVAR7AjlC0327U4el4L6eAvOqCeudMDVU0NThNaV+b9Df4dXgSP1gXMTnPdhfe/2qDH5cg==}

  react-dom@18.2.0:
    resolution: {integrity: sha512-6IMTriUmvsjHUjNtEDudZfuDQUoWXVxKHhlEGSk81n4YFS+r/Kl99wXiwlVXtPBtJenozv2P+hxDsw9eA7Xo6g==}
    peerDependencies:
      react: ^18.2.0

  react-hook-form-mui@6.8.0:
    resolution: {integrity: sha512-p+Hu/z+nVgSoCXEijs1aXjOUmGoGX0oWzgyBJR4Xgay+il3c6E0HdSHd94XxcmC6i08a88u/+zJ96tuDDjjzRw==}
    engines: {node: '>=14'}
    peerDependencies:
      '@mui/icons-material': '>= 5.x <6'
      '@mui/material': '>= 5.x <6'
      '@mui/x-date-pickers': '>=6.1.0 <7'
      react: '>=17 <19'
      react-hook-form: '>=7.33.1'
    peerDependenciesMeta:
      '@mui/icons-material':
        optional: true
      '@mui/x-date-pickers':
        optional: true

  react-hook-form@7.51.1:
    resolution: {integrity: sha512-ifnBjl+kW0ksINHd+8C/Gp6a4eZOdWyvRv0UBaByShwU8JbVx5hTcTWEcd5VdybvmPTATkVVXk9npXArHmo56w==}
    engines: {node: '>=12.22.0'}
    peerDependencies:
      react: ^16.8.0 || ^17 || ^18

  react-is@16.13.1:
    resolution: {integrity: sha512-24e6ynE2H+OKt4kqsOvNd8kBpV65zoxbA4BVsEOB3ARVWQki/DHzaUoC5KuON/BiccDaCCTZBuOcfZs70kR8bQ==}

  react-is@18.2.0:
    resolution: {integrity: sha512-xWGDIW6x921xtzPkhiULtthJHoJvBbF3q26fzloPCK0hsvxtPVelvftw3zjbHWSkR2km9Z+4uxbDDK/6Zw9B8w==}

  react-transition-group@4.4.5:
    resolution: {integrity: sha512-pZcd1MCJoiKiBR2NRxeCRg13uCXbydPnmB4EOeRrY7480qNWO8IIgQG6zlDkm6uRMsURXPuKq0GWtiM59a5Q6g==}
    peerDependencies:
      react: '>=16.6.0'
      react-dom: '>=16.6.0'

  react@18.2.0:
    resolution: {integrity: sha512-/3IjMdb2L9QbBdWiW5e3P2/npwMBaU9mHCSCUzNln0ZCYbcfTsGbTJrU/kGemdH2IWmB2ioZ+zkxtmq6g09fGQ==}
    engines: {node: '>=0.10.0'}

  regenerator-runtime@0.14.1:
    resolution: {integrity: sha512-dYnhHh0nJoMfnkZs6GmmhFknAGRrLznOu5nc9ML+EJxGvrx6H7teuevqVqCuPcPK//3eDrrjQhehXVx9cnkGdw==}

  rimraf@5.0.5:
    resolution: {integrity: sha512-CqDakW+hMe/Bz202FPEymy68P+G50RfMQK+Qo5YUqc9SPipvbGjCGKd0RSKEelbsfQuw3g5NZDSrlZZAJurH1A==}
    engines: {node: '>=14'}
    hasBin: true

  scheduler@0.23.0:
    resolution: {integrity: sha512-CtuThmgHNg7zIZWAXi3AsyIzA3n4xx7aNyjwC2VJldO2LMVDhFK+63xGqq6CsJH4rTAt6/M+N4GhZiDYPx9eUw==}

  shallowequal@1.1.0:
    resolution: {integrity: sha512-y0m1JoUZSlPAjXVtPPW70aZWfIL/dSP7AFkRnniLCrK/8MDKog3TySTBmckD+RObVxH0v4Tox67+F14PdED2oQ==}

  shebang-command@2.0.0:
    resolution: {integrity: sha512-kHxr2zZpYtdmrN1qDjrrX/Z1rR1kG8Dx+gkpK1G4eXmvXswmcE1hTWBWYUzlraYw1/yZp6YuDY77YtvbN0dmDA==}
    engines: {node: '>=8'}

  shebang-regex@3.0.0:
    resolution: {integrity: sha512-7++dFhtcx3353uBaq8DDR4NuxBetBzC7ZQOhmTQInHEd6bSrXdiEyzCvG07Z44UYdLShWUyXt5M/yhz8ekcb1A==}
    engines: {node: '>=8'}

  signal-exit@4.1.0:
    resolution: {integrity: sha512-bzyZ1e88w9O1iNJbKnOlvYTrWPDl46O1bG0D3XInv+9tkPrxrN8jUUTiFlDkkmKWgn1M6CfIA13SuGqOa9Korw==}
    engines: {node: '>=14'}

  source-map-js@1.2.0:
    resolution: {integrity: sha512-itJW8lvSA0TXEphiRoawsCksnlf8SyvmFzIhltqAHluXd88pkCd+cXJVHTDwdCr0IzwptSm035IHQktUu1QUMg==}
    engines: {node: '>=0.10.0'}

  string-width@4.2.3:
    resolution: {integrity: sha512-wKyQRQpjJ0sIp62ErSZdGsjMJWsap5oRNihHhu6G7JVO/9jIB6UyevL+tXuOqrng8j/cxKTWyWUwvSTriiZz/g==}
    engines: {node: '>=8'}

  string-width@5.1.2:
    resolution: {integrity: sha512-HnLOCR3vjcY8beoNLtcjZ5/nxn2afmME6lhrDrebokqMap+XbeW8n9TXpPDOqdGK5qcI3oT0GKTW6wC7EMiVqA==}
    engines: {node: '>=12'}

  strip-ansi@6.0.1:
    resolution: {integrity: sha512-Y38VPSHcqkFrCpFnQ9vuSXmquuv5oXOKpGeT6aGrr3o3Gc9AlVa6JBfUSOCnbxGGZF+/0ooI7KrPuUSztUdU5A==}
    engines: {node: '>=8'}

  strip-ansi@7.1.0:
    resolution: {integrity: sha512-iq6eVVI64nQQTRYq2KtEg2d2uU7LElhTJwsH4YzIHZshxlgZms/wIc4VoDQTlG/IvVIrBKG06CrZnp0qv7hkcQ==}
    engines: {node: '>=12'}

  styled-components@6.1.8:
    resolution: {integrity: sha512-PQ6Dn+QxlWyEGCKDS71NGsXoVLKfE1c3vApkvDYS5KAK+V8fNWGhbSUEo9Gg2iaID2tjLXegEW3bZDUGpofRWw==}
    engines: {node: '>= 16'}
    peerDependencies:
      react: '>= 16.8.0'
      react-dom: '>= 16.8.0'

  stylis@4.3.1:
    resolution: {integrity: sha512-EQepAV+wMsIaGVGX1RECzgrcqRRU/0sYOHkeLsZ3fzHaHXZy4DaOOX0vOlGQdlsjkh3mFHAIlVimpwAs4dslyQ==}

  tslib@2.5.0:
    resolution: {integrity: sha512-336iVw3rtn2BUK7ORdIAHTyxHGRIHVReokCR3XjbckJMK7ms8FysBfhLR8IXnAgy7T0PTPNBWKiH514FOW/WSg==}

  typescript@5.4.3:
    resolution: {integrity: sha512-KrPd3PKaCLr78MalgiwJnA25Nm8HAmdwN3mYUYZgG/wizIo9EainNVQI9/yDavtVFRN2h3k8uf3GLHuhDMgEHg==}
    engines: {node: '>=14.17'}
    hasBin: true

  which@2.0.2:
    resolution: {integrity: sha512-BLI3Tl1TW3Pvl70l3yq3Y64i+awpwXqsGBYWkkqMtnbXgrMD+yj7rhW0kuEDxzJaYXGjEW5ogapKNMEKNMjibA==}
    engines: {node: '>= 8'}
    hasBin: true

  wrap-ansi@7.0.0:
    resolution: {integrity: sha512-YVGIj2kamLSTxw6NsZjoBxfSwsn0ycdesmc4p+Q21c5zPuZ1pl+NfxVdxPtdHvmNVOQ6XSYG4AUtyt/Fi7D16Q==}
    engines: {node: '>=10'}

  wrap-ansi@8.1.0:
    resolution: {integrity: sha512-si7QWI6zUMq56bESFvagtmzMdGOtoxfR+Sez11Mobfc7tm+VkUckk9bW2UeffTGVUbOksxmSw0AA2gs8g71NCQ==}
    engines: {node: '>=12'}

snapshots:

  '@babel/runtime@7.24.1':
    dependencies:
      regenerator-runtime: 0.14.1

  '@babel/runtime@7.25.7':
    dependencies:
      regenerator-runtime: 0.14.1

  '@dwidge/buildy@0.1.8':
    dependencies:
      esbuild: 0.17.19
      opener: 1.5.2
      portfinder: 1.0.32
    transitivePeerDependencies:
      - supports-color

  '@dwidge/react-lib@0.1.8(react-dom@18.2.0(react@18.2.0))(react@18.2.0)(styled-components@6.1.8(react-dom@18.2.0(react@18.2.0))(react@18.2.0))':
    dependencies:
      react: 18.2.0
      react-dom: 18.2.0(react@18.2.0)
      styled-components: 6.1.8(react-dom@18.2.0(react@18.2.0))(react@18.2.0)

  '@emotion/is-prop-valid@1.2.1':
    dependencies:
      '@emotion/memoize': 0.8.1

  '@emotion/memoize@0.8.1': {}

  '@emotion/unitless@0.8.0': {}

  '@esbuild/android-arm64@0.17.19':
    optional: true

  '@esbuild/android-arm@0.17.19':
    optional: true

  '@esbuild/android-x64@0.17.19':
    optional: true

  '@esbuild/darwin-arm64@0.17.19':
    optional: true

  '@esbuild/darwin-x64@0.17.19':
    optional: true

  '@esbuild/freebsd-arm64@0.17.19':
    optional: true

  '@esbuild/freebsd-x64@0.17.19':
    optional: true

  '@esbuild/linux-arm64@0.17.19':
    optional: true

  '@esbuild/linux-arm@0.17.19':
    optional: true

  '@esbuild/linux-ia32@0.17.19':
    optional: true

  '@esbuild/linux-loong64@0.17.19':
    optional: true

  '@esbuild/linux-mips64el@0.17.19':
    optional: true

  '@esbuild/linux-ppc64@0.17.19':
    optional: true

  '@esbuild/linux-riscv64@0.17.19':
    optional: true

  '@esbuild/linux-s390x@0.17.19':
    optional: true

  '@esbuild/linux-x64@0.17.19':
    optional: true

  '@esbuild/netbsd-x64@0.17.19':
    optional: true

  '@esbuild/openbsd-x64@0.17.19':
    optional: true

  '@esbuild/sunos-x64@0.17.19':
    optional: true

  '@esbuild/win32-arm64@0.17.19':
    optional: true

  '@esbuild/win32-ia32@0.17.19':
    optional: true

  '@esbuild/win32-x64@0.17.19':
    optional: true

  '@floating-ui/core@1.6.0':
    dependencies:
      '@floating-ui/utils': 0.2.1

  '@floating-ui/dom@1.6.3':
    dependencies:
      '@floating-ui/core': 1.6.0
      '@floating-ui/utils': 0.2.1

  '@floating-ui/react-dom@2.0.8(react-dom@18.2.0(react@18.2.0))(react@18.2.0)':
    dependencies:
      '@floating-ui/dom': 1.6.3
      react: 18.2.0
      react-dom: 18.2.0(react@18.2.0)

  '@floating-ui/utils@0.2.1': {}

  '@isaacs/cliui@8.0.2':
    dependencies:
      string-width: 5.1.2
      string-width-cjs: string-width@4.2.3
      strip-ansi: 7.1.0
      strip-ansi-cjs: strip-ansi@6.0.1
      wrap-ansi: 8.1.0
      wrap-ansi-cjs: wrap-ansi@7.0.0

  '@mui/base@5.0.0-beta.40(@types/react@18.2.69)(react-dom@18.2.0(react@18.2.0))(react@18.2.0)':
    dependencies:
      '@babel/runtime': 7.24.1
      '@floating-ui/react-dom': 2.0.8(react-dom@18.2.0(react@18.2.0))(react@18.2.0)
      '@mui/types': 7.2.14(@types/react@18.2.69)
      '@mui/utils': 5.15.14(@types/react@18.2.69)(react@18.2.0)
      '@popperjs/core': 2.11.8
      clsx: 2.1.0
      prop-types: 15.8.1
      react: 18.2.0
      react-dom: 18.2.0(react@18.2.0)
    optionalDependencies:
      '@types/react': 18.2.69

  '@mui/core-downloads-tracker@5.15.14': {}

  '@mui/icons-material@5.15.14(@mui/material@5.15.14(@types/react@18.2.69)(react-dom@18.2.0(react@18.2.0))(react@18.2.0)(styled-components@6.1.8(react-dom@18.2.0(react@18.2.0))(react@18.2.0)))(@types/react@18.2.69)(react@18.2.0)':
    dependencies:
      '@babel/runtime': 7.24.1
      '@mui/material': 5.15.14(@types/react@18.2.69)(react-dom@18.2.0(react@18.2.0))(react@18.2.0)(styled-components@6.1.8(react-dom@18.2.0(react@18.2.0))(react@18.2.0))
      react: 18.2.0
    optionalDependencies:
      '@types/react': 18.2.69

  '@mui/material@5.15.14(@types/react@18.2.69)(react-dom@18.2.0(react@18.2.0))(react@18.2.0)(styled-components@6.1.8(react-dom@18.2.0(react@18.2.0))(react@18.2.0))':
    dependencies:
      '@babel/runtime': 7.24.1
      '@mui/base': 5.0.0-beta.40(@types/react@18.2.69)(react-dom@18.2.0(react@18.2.0))(react@18.2.0)
      '@mui/core-downloads-tracker': 5.15.14
      '@mui/system': 5.15.14(@types/react@18.2.69)(react@18.2.0)(styled-components@6.1.8(react-dom@18.2.0(react@18.2.0))(react@18.2.0))
      '@mui/types': 7.2.14(@types/react@18.2.69)
      '@mui/utils': 5.15.14(@types/react@18.2.69)(react@18.2.0)
      '@types/react-transition-group': 4.4.10
      clsx: 2.1.0
      csstype: 3.1.3
      prop-types: 15.8.1
      react: 18.2.0
      react-dom: 18.2.0(react@18.2.0)
      react-is: 18.2.0
      react-transition-group: 4.4.5(react-dom@18.2.0(react@18.2.0))(react@18.2.0)
    optionalDependencies:
      '@types/react': 18.2.69
    transitivePeerDependencies:
      - styled-components

  '@mui/private-theming@5.15.14(@types/react@18.2.69)(react@18.2.0)':
    dependencies:
      '@babel/runtime': 7.24.1
      '@mui/utils': 5.15.14(@types/react@18.2.69)(react@18.2.0)
      prop-types: 15.8.1
      react: 18.2.0
    optionalDependencies:
      '@types/react': 18.2.69

  '@mui/styled-engine-sc@5.14.12(@types/styled-components@5.1.26)(styled-components@6.1.8(react-dom@18.2.0(react@18.2.0))(react@18.2.0))':
    dependencies:
      '@babel/runtime': 7.24.1
      csstype: 3.1.3
      prop-types: 15.8.1
      styled-components: 6.1.8(react-dom@18.2.0(react@18.2.0))(react@18.2.0)
    optionalDependencies:
      '@types/styled-components': 5.1.26

  '@mui/styled-engine-sc@6.1.3(styled-components@6.1.8(react-dom@18.2.0(react@18.2.0))(react@18.2.0))':
    dependencies:
      '@babel/runtime': 7.25.7
      csstype: 3.1.3
      hoist-non-react-statics: 3.3.2
      prop-types: 15.8.1
      styled-components: 6.1.8(react-dom@18.2.0(react@18.2.0))(react@18.2.0)

  '@mui/system@5.15.14(@types/react@18.2.69)(react@18.2.0)(styled-components@6.1.8(react-dom@18.2.0(react@18.2.0))(react@18.2.0))':
    dependencies:
      '@babel/runtime': 7.24.1
      '@mui/private-theming': 5.15.14(@types/react@18.2.69)(react@18.2.0)
      '@mui/styled-engine': '@mui/styled-engine-sc@6.1.3(styled-components@6.1.8(react-dom@18.2.0(react@18.2.0))(react@18.2.0))'
      '@mui/types': 7.2.14(@types/react@18.2.69)
      '@mui/utils': 5.15.14(@types/react@18.2.69)(react@18.2.0)
      clsx: 2.1.0
      csstype: 3.1.3
      prop-types: 15.8.1
      react: 18.2.0
    optionalDependencies:
      '@types/react': 18.2.69
    transitivePeerDependencies:
      - styled-components

  '@mui/types@7.2.14(@types/react@18.2.69)':
    optionalDependencies:
      '@types/react': 18.2.69

  '@mui/utils@5.15.14(@types/react@18.2.69)(react@18.2.0)':
    dependencies:
      '@babel/runtime': 7.24.1
      '@types/prop-types': 15.7.12
      prop-types: 15.8.1
      react: 18.2.0
      react-is: 18.2.0
    optionalDependencies:
      '@types/react': 18.2.69

  '@mui/x-date-pickers@7.0.0(@mui/material@5.15.14(@types/react@18.2.69)(react-dom@18.2.0(react@18.2.0))(react@18.2.0)(styled-components@6.1.8(react-dom@18.2.0(react@18.2.0))(react@18.2.0)))(@types/react@18.2.69)(react-dom@18.2.0(react@18.2.0))(react@18.2.0)(styled-components@6.1.8(react-dom@18.2.0(react@18.2.0))(react@18.2.0))':
    dependencies:
      '@babel/runtime': 7.24.1
      '@mui/base': 5.0.0-beta.40(@types/react@18.2.69)(react-dom@18.2.0(react@18.2.0))(react@18.2.0)
      '@mui/material': 5.15.14(@types/react@18.2.69)(react-dom@18.2.0(react@18.2.0))(react@18.2.0)(styled-components@6.1.8(react-dom@18.2.0(react@18.2.0))(react@18.2.0))
      '@mui/system': 5.15.14(@types/react@18.2.69)(react@18.2.0)(styled-components@6.1.8(react-dom@18.2.0(react@18.2.0))(react@18.2.0))
      '@mui/utils': 5.15.14(@types/react@18.2.69)(react@18.2.0)
      '@types/react-transition-group': 4.4.10
      clsx: 2.1.0
      prop-types: 15.8.1
      react: 18.2.0
      react-dom: 18.2.0(react@18.2.0)
      react-transition-group: 4.4.5(react-dom@18.2.0(react@18.2.0))(react@18.2.0)
    transitivePeerDependencies:
      - '@types/react'
      - styled-components

  '@pkgjs/parseargs@0.11.0':
    optional: true

  '@popperjs/core@2.11.8': {}

  '@types/hoist-non-react-statics@3.3.1':
    dependencies:
      '@types/react': 18.2.69
      hoist-non-react-statics: 3.3.2

  '@types/prop-types@15.7.12': {}

  '@types/react-dom@18.2.22':
    dependencies:
      '@types/react': 18.2.69

  '@types/react-transition-group@4.4.10':
    dependencies:
      '@types/react': 18.2.69

  '@types/react@18.2.69':
    dependencies:
      '@types/prop-types': 15.7.12
      '@types/scheduler': 0.16.3
      csstype: 3.1.3

  '@types/scheduler@0.16.3': {}

  '@types/styled-components@5.1.26':
    dependencies:
      '@types/hoist-non-react-statics': 3.3.1
      '@types/react': 18.2.69
      csstype: 3.1.2

  '@types/stylis@4.2.0': {}

  ansi-regex@5.0.1: {}

  ansi-regex@6.0.1: {}

  ansi-styles@4.3.0:
    dependencies:
      color-convert: 2.0.1

  ansi-styles@6.2.1: {}

  async@2.6.4:
    dependencies:
      lodash: 4.17.21

  balanced-match@1.0.2: {}

  brace-expansion@2.0.1:
    dependencies:
      balanced-match: 1.0.2

  camelize@1.0.1: {}

  clsx@2.1.0: {}

  color-convert@2.0.1:
    dependencies:
      color-name: 1.1.4

  color-name@1.1.4: {}

  cross-spawn@7.0.3:
    dependencies:
      path-key: 3.1.1
      shebang-command: 2.0.0
      which: 2.0.2

  css-color-keywords@1.0.0: {}

  css-to-react-native@3.2.0:
    dependencies:
      camelize: 1.0.1
      css-color-keywords: 1.0.0
      postcss-value-parser: 4.2.0

  csstype@3.1.2: {}

  csstype@3.1.3: {}

  debug@3.2.7:
    dependencies:
      ms: 2.1.3

  dom-helpers@5.2.1:
    dependencies:
      '@babel/runtime': 7.24.1
      csstype: 3.1.3

  eastasianwidth@0.2.0: {}

  emoji-regex@8.0.0: {}

  emoji-regex@9.2.2: {}

  esbuild@0.17.19:
    optionalDependencies:
      '@esbuild/android-arm': 0.17.19
      '@esbuild/android-arm64': 0.17.19
      '@esbuild/android-x64': 0.17.19
      '@esbuild/darwin-arm64': 0.17.19
      '@esbuild/darwin-x64': 0.17.19
      '@esbuild/freebsd-arm64': 0.17.19
      '@esbuild/freebsd-x64': 0.17.19
      '@esbuild/linux-arm': 0.17.19
      '@esbuild/linux-arm64': 0.17.19
      '@esbuild/linux-ia32': 0.17.19
      '@esbuild/linux-loong64': 0.17.19
      '@esbuild/linux-mips64el': 0.17.19
      '@esbuild/linux-ppc64': 0.17.19
      '@esbuild/linux-riscv64': 0.17.19
      '@esbuild/linux-s390x': 0.17.19
      '@esbuild/linux-x64': 0.17.19
      '@esbuild/netbsd-x64': 0.17.19
      '@esbuild/openbsd-x64': 0.17.19
      '@esbuild/sunos-x64': 0.17.19
      '@esbuild/win32-arm64': 0.17.19
      '@esbuild/win32-ia32': 0.17.19
      '@esbuild/win32-x64': 0.17.19

  foreground-child@3.1.1:
    dependencies:
      cross-spawn: 7.0.3
      signal-exit: 4.1.0

  glob@10.3.10:
    dependencies:
      foreground-child: 3.1.1
      jackspeak: 2.3.6
      minimatch: 9.0.3
      minipass: 7.0.4
      path-scurry: 1.10.1

  hoist-non-react-statics@3.3.2:
    dependencies:
      react-is: 16.13.1

  is-fullwidth-code-point@3.0.0: {}

  isexe@2.0.0: {}

  jackspeak@2.3.6:
    dependencies:
      '@isaacs/cliui': 8.0.2
    optionalDependencies:
      '@pkgjs/parseargs': 0.11.0

  js-tokens@4.0.0: {}

  lodash@4.17.21: {}

  loose-envify@1.4.0:
    dependencies:
      js-tokens: 4.0.0

  lru-cache@10.2.0: {}

  minimatch@9.0.3:
    dependencies:
      brace-expansion: 2.0.1

  minimist@1.2.8: {}

  minipass@7.0.4: {}

  mkdirp@0.5.6:
    dependencies:
      minimist: 1.2.8

  ms@2.1.3: {}

  nanoid@3.3.7: {}

  object-assign@4.1.1: {}

  opener@1.5.2: {}

  path-key@3.1.1: {}

  path-scurry@1.10.1:
    dependencies:
      lru-cache: 10.2.0
      minipass: 7.0.4

  picocolors@1.0.0: {}

  portfinder@1.0.32:
    dependencies:
      async: 2.6.4
      debug: 3.2.7
      mkdirp: 0.5.6
    transitivePeerDependencies:
      - supports-color

  postcss-value-parser@4.2.0: {}

  postcss@8.4.31:
    dependencies:
      nanoid: 3.3.7
      picocolors: 1.0.0
      source-map-js: 1.2.0

  prop-types@15.8.1:
    dependencies:
      loose-envify: 1.4.0
      object-assign: 4.1.1
      react-is: 16.13.1

  react-dom@18.2.0(react@18.2.0):
    dependencies:
      loose-envify: 1.4.0
      react: 18.2.0
      scheduler: 0.23.0

  react-hook-form-mui@6.8.0(@mui/icons-material@5.15.14(@mui/material@5.15.14(@types/react@18.2.69)(react-dom@18.2.0(react@18.2.0))(react@18.2.0)(styled-components@6.1.8(react-dom@18.2.0(react@18.2.0))(react@18.2.0)))(@types/react@18.2.69)(react@18.2.0))(@mui/material@5.15.14(@types/react@18.2.69)(react-dom@18.2.0(react@18.2.0))(react@18.2.0)(styled-components@6.1.8(react-dom@18.2.0(react@18.2.0))(react@18.2.0)))(@mui/x-date-pickers@7.0.0(@mui/material@5.15.14(@types/react@18.2.69)(react-dom@18.2.0(react@18.2.0))(react@18.2.0)(styled-components@6.1.8(react-dom@18.2.0(react@18.2.0))(react@18.2.0)))(@types/react@18.2.69)(react-dom@18.2.0(react@18.2.0))(react@18.2.0)(styled-components@6.1.8(react-dom@18.2.0(react@18.2.0))(react@18.2.0)))(react-hook-form@7.51.1(react@18.2.0))(react@18.2.0):
    dependencies:
      '@mui/material': 5.15.14(@types/react@18.2.69)(react-dom@18.2.0(react@18.2.0))(react@18.2.0)(styled-components@6.1.8(react-dom@18.2.0(react@18.2.0))(react@18.2.0))
      react: 18.2.0
      react-hook-form: 7.51.1(react@18.2.0)
    optionalDependencies:
      '@mui/icons-material': 5.15.14(@mui/material@5.15.14(@types/react@18.2.69)(react-dom@18.2.0(react@18.2.0))(react@18.2.0)(styled-components@6.1.8(react-dom@18.2.0(react@18.2.0))(react@18.2.0)))(@types/react@18.2.69)(react@18.2.0)
      '@mui/x-date-pickers': 7.0.0(@mui/material@5.15.14(@types/react@18.2.69)(react-dom@18.2.0(react@18.2.0))(react@18.2.0)(styled-components@6.1.8(react-dom@18.2.0(react@18.2.0))(react@18.2.0)))(@types/react@18.2.69)(react-dom@18.2.0(react@18.2.0))(react@18.2.0)(styled-components@6.1.8(react-dom@18.2.0(react@18.2.0))(react@18.2.0))

  react-hook-form@7.51.1(react@18.2.0):
    dependencies:
      react: 18.2.0

  react-is@16.13.1: {}

  react-is@18.2.0: {}

  react-transition-group@4.4.5(react-dom@18.2.0(react@18.2.0))(react@18.2.0):
    dependencies:
      '@babel/runtime': 7.24.1
      dom-helpers: 5.2.1
      loose-envify: 1.4.0
      prop-types: 15.8.1
      react: 18.2.0
      react-dom: 18.2.0(react@18.2.0)

  react@18.2.0:
    dependencies:
      loose-envify: 1.4.0

  regenerator-runtime@0.14.1: {}

  rimraf@5.0.5:
    dependencies:
      glob: 10.3.10

  scheduler@0.23.0:
    dependencies:
      loose-envify: 1.4.0

  shallowequal@1.1.0: {}

  shebang-command@2.0.0:
    dependencies:
      shebang-regex: 3.0.0

  shebang-regex@3.0.0: {}

  signal-exit@4.1.0: {}

  source-map-js@1.2.0: {}

  string-width@4.2.3:
    dependencies:
      emoji-regex: 8.0.0
      is-fullwidth-code-point: 3.0.0
      strip-ansi: 6.0.1

  string-width@5.1.2:
    dependencies:
      eastasianwidth: 0.2.0
      emoji-regex: 9.2.2
      strip-ansi: 7.1.0

  strip-ansi@6.0.1:
    dependencies:
      ansi-regex: 5.0.1

  strip-ansi@7.1.0:
    dependencies:
      ansi-regex: 6.0.1

  styled-components@6.1.8(react-dom@18.2.0(react@18.2.0))(react@18.2.0):
    dependencies:
      '@emotion/is-prop-valid': 1.2.1
      '@emotion/unitless': 0.8.0
      '@types/stylis': 4.2.0
      css-to-react-native: 3.2.0
      csstype: 3.1.2
      postcss: 8.4.31
      react: 18.2.0
      react-dom: 18.2.0(react@18.2.0)
      shallowequal: 1.1.0
      stylis: 4.3.1
      tslib: 2.5.0

  stylis@4.3.1: {}

  tslib@2.5.0: {}

  typescript@5.4.3: {}

  which@2.0.2:
    dependencies:
      isexe: 2.0.0

  wrap-ansi@7.0.0:
    dependencies:
      ansi-styles: 4.3.0
      string-width: 4.2.3
      strip-ansi: 6.0.1

  wrap-ansi@8.1.0:
    dependencies:
      ansi-styles: 6.2.1
      string-width: 5.1.2
      strip-ansi: 7.1.0
